{
  "pins" : [
    {
      "identity" : "packagebuildinfo",
      "kind" : "remoteSourceControl",
      "location" : "https://github.com/DimaRU/PackageBuildInfo",
      "state" : {
        "branch" : "master",
        "revision" : "a9f19244b36445824345d516108b0dbb5b3c40f4"
      }
    }
  ],
  "version" : 2
}
